
Microsoft Visual Studio Solution File, Format Version 12.00
# Visual Studio Version 17
VisualStudioVersion = 17.3.32819.101
MinimumVisualStudioVersion = 10.0.40219.1
Project("{FAE04EC0-301F-11D3-BF4B-00C04F79EFBC}") = "Box Stacking Simulation", "Box Stacking Simulation\Box Stacking Simulation.csproj", "{05CD9E2D-BD61-4C27-BC63-23ADEA7BA65E}"
EndProject
Global
	GlobalSection(SolutionConfigurationPlatforms) = preSolution
		Debug|Any CPU = Debug|Any CPU
		Release|Any CPU = Release|Any CPU
	EndGlobalSection
	GlobalSection(ProjectConfigurationPlatforms) = postSolution
		{05CD9E2D-BD61-4C27-BC63-23ADEA7BA65E}.Debug|Any CPU.ActiveCfg = Debug|Any CPU
		{05CD9E2D-BD61-4C27-BC63-23ADEA7BA65E}.Debug|Any CPU.Build.0 = Debug|Any CPU
		{05CD9E2D-BD61-4C27-BC63-23ADEA7BA65E}.Release|Any CPU.ActiveCfg = Release|Any CPU
		{05CD9E2D-BD61-4C27-BC63-23ADEA7BA65E}.Release|Any CPU.Build.0 = Release|Any CPU
	EndGlobalSection
	GlobalSection(SolutionProperties) = preSolution
		HideSolutionNode = FALSE
	EndGlobalSection
	GlobalSection(ExtensibilityGlobals) = postSolution
		SolutionGuid = {E7D35899-7C8F-45BB-AC01-06D5B51E764F}
	EndGlobalSection
EndGlobal
